
Microsoft Visual Studio Solution File, Format Version 12.00
# Visual Studio Version 16
VisualStudioVersion = 25.0.1704.0
MinimumVisualStudioVersion = 10.0.40219.1
Project("{FAE04EC0-301F-11D3-BF4B-00C04F79EFBC}") = "azure-functions-mongodb-extension", "src\azure-functions-mongodb-extension.csproj", "{68FC765C-9F2F-4075-941A-8E6C02D57654}"
EndProject
Project("{FAE04EC0-301F-11D3-BF4B-00C04F79EFBC}") = "dotnet.sample", "samples\dotnet\dotnet.sample.csproj", "{267C2241-D8B4-4899-94CF-732A72447E9A}"
EndProject
Project("{FAE04EC0-301F-11D3-BF4B-00C04F79EFBC}") = "extensions", "samples\javascript\extensions.csproj", "{F1CC410A-4577-4667-AC3D-852FEA8A2236}"
EndProject
Global
	GlobalSection(SolutionConfigurationPlatforms) = preSolution
		Debug|Any CPU = Debug|Any CPU
		Release|Any CPU = Release|Any CPU
	EndGlobalSection
	GlobalSection(ProjectConfigurationPlatforms) = postSolution
		{68FC765C-9F2F-4075-941A-8E6C02D57654}.Debug|Any CPU.ActiveCfg = Debug|Any CPU
		{68FC765C-9F2F-4075-941A-8E6C02D57654}.Debug|Any CPU.Build.0 = Debug|Any CPU
		{68FC765C-9F2F-4075-941A-8E6C02D57654}.Release|Any CPU.ActiveCfg = Release|Any CPU
		{68FC765C-9F2F-4075-941A-8E6C02D57654}.Release|Any CPU.Build.0 = Release|Any CPU
		{31643D9E-E308-40C7-82B7-F0E49FC15C49}.Debug|Any CPU.ActiveCfg = Debug|Any CPU
		{31643D9E-E308-40C7-82B7-F0E49FC15C49}.Debug|Any CPU.Build.0 = Debug|Any CPU
		{31643D9E-E308-40C7-82B7-F0E49FC15C49}.Release|Any CPU.ActiveCfg = Release|Any CPU
		{31643D9E-E308-40C7-82B7-F0E49FC15C49}.Release|Any CPU.Build.0 = Release|Any CPU
		{85823602-AAE5-4EFB-91C1-93F575ADC3B0}.Debug|Any CPU.ActiveCfg = Debug|Any CPU
		{85823602-AAE5-4EFB-91C1-93F575ADC3B0}.Debug|Any CPU.Build.0 = Debug|Any CPU
		{85823602-AAE5-4EFB-91C1-93F575ADC3B0}.Release|Any CPU.ActiveCfg = Release|Any CPU
		{85823602-AAE5-4EFB-91C1-93F575ADC3B0}.Release|Any CPU.Build.0 = Release|Any CPU
		{F0711B3E-3791-4DEE-BE82-0A231494B947}.Debug|Any CPU.ActiveCfg = Debug|Any CPU
		{F0711B3E-3791-4DEE-BE82-0A231494B947}.Debug|Any CPU.Build.0 = Debug|Any CPU
		{F0711B3E-3791-4DEE-BE82-0A231494B947}.Release|Any CPU.ActiveCfg = Release|Any CPU
		{F0711B3E-3791-4DEE-BE82-0A231494B947}.Release|Any CPU.Build.0 = Release|Any CPU
		{AA91D81C-C3E8-492B-A890-E7C28FD624C1}.Debug|Any CPU.ActiveCfg = Debug|Any CPU
		{AA91D81C-C3E8-492B-A890-E7C28FD624C1}.Debug|Any CPU.Build.0 = Debug|Any CPU
		{AA91D81C-C3E8-492B-A890-E7C28FD624C1}.Release|Any CPU.ActiveCfg = Release|Any CPU
		{AA91D81C-C3E8-492B-A890-E7C28FD624C1}.Release|Any CPU.Build.0 = Release|Any CPU
		{267C2241-D8B4-4899-94CF-732A72447E9A}.Debug|Any CPU.ActiveCfg = Debug|Any CPU
		{267C2241-D8B4-4899-94CF-732A72447E9A}.Debug|Any CPU.Build.0 = Debug|Any CPU
		{267C2241-D8B4-4899-94CF-732A72447E9A}.Release|Any CPU.ActiveCfg = Release|Any CPU
		{267C2241-D8B4-4899-94CF-732A72447E9A}.Release|Any CPU.Build.0 = Release|Any CPU
		{0B33FD45-763E-419C-8CA2-7C05F3B4AF61}.Debug|Any CPU.ActiveCfg = Debug|Any CPU
		{0B33FD45-763E-419C-8CA2-7C05F3B4AF61}.Debug|Any CPU.Build.0 = Debug|Any CPU
		{0B33FD45-763E-419C-8CA2-7C05F3B4AF61}.Release|Any CPU.ActiveCfg = Release|Any CPU
		{0B33FD45-763E-419C-8CA2-7C05F3B4AF61}.Release|Any CPU.Build.0 = Release|Any CPU
		{F1CC410A-4577-4667-AC3D-852FEA8A2236}.Debug|Any CPU.ActiveCfg = Debug|Any CPU
		{F1CC410A-4577-4667-AC3D-852FEA8A2236}.Debug|Any CPU.Build.0 = Debug|Any CPU
		{F1CC410A-4577-4667-AC3D-852FEA8A2236}.Release|Any CPU.ActiveCfg = Release|Any CPU
		{F1CC410A-4577-4667-AC3D-852FEA8A2236}.Release|Any CPU.Build.0 = Release|Any CPU
	EndGlobalSection
	GlobalSection(SolutionProperties) = preSolution
		HideSolutionNode = FALSE
	EndGlobalSection
	GlobalSection(ExtensibilityGlobals) = postSolution
		SolutionGuid = {1879C06D-6B96-49A2-8DB4-ED8CF9E11F28}
	EndGlobalSection
EndGlobal
